<?xml version="1.0" encoding="utf-8"?>
<Project ToolsVersion="4.0" xmlns="http://schemas.microsoft.com/developer/msbuild/2003">
  <ItemGroup>
    <ClCompile Include="..\..\Metaheuristic.cpp" />
    <ClCompile Include="..\..\structure\Instance.cpp">
      <Filter>cpp\structure</Filter>
    </ClCompile>
    <ClCompile Include="..\..\structure\Operation.cpp">
      <Filter>cpp\structure</Filter>
    </ClCompile>
    <ClCompile Include="..\..\structure\Solutions.cpp">
      <Filter>cpp\structure</Filter>
    </ClCompile>
    <ClCompile Include="..\..\structure\Task.cpp">
      <Filter>cpp\structure</Filter>
    </ClCompile>
  </ItemGroup>
  <ItemGroup>
    <ClInclude Include="..\..\structure.h" />
    <ClInclude Include="resource.h" />
    <ClInclude Include="..\..\structure\Constance.h">
      <Filter>h\structure</Filter>
    </ClInclude>
    <ClInclude Include="..\..\structure\Instance.h">
      <Filter>h\structure</Filter>
    </ClInclude>
    <ClInclude Include="..\..\structure\Operation.h">
      <Filter>h\structure</Filter>
    </ClInclude>
    <ClInclude Include="..\..\structure\Task.h">
      <Filter>h\structure</Filter>
    </ClInclude>
    <ClInclude Include="..\..\structure\Solutions.h">
      <Filter>h\structure</Filter>
    </ClInclude>
  </ItemGroup>
  <ItemGroup>
    <ResourceCompile Include="projekt ok.rc" />
  </ItemGroup>
  <ItemGroup>
    <None Include="..\..\ClassDiagram.cd" />
  </ItemGroup>
  <ItemGroup>
    <Filter Include="cpp">
      <UniqueIdentifier>{9d032640-f16f-4c6d-8dfc-81aa8fb2a822}</UniqueIdentifier>
    </Filter>
    <Filter Include="h">
      <UniqueIdentifier>{c48d64d6-3801-4fc0-bbdc-31e4f1d521bd}</UniqueIdentifier>
    </Filter>
    <Filter Include="cpp\structure">
      <UniqueIdentifier>{0c688c2c-fdd5-484c-803b-c532a411dc5c}</UniqueIdentifier>
    </Filter>
    <Filter Include="h\structure">
      <UniqueIdentifier>{e8b0ca2f-ce16-4ef9-9882-39bed1521686}</UniqueIdentifier>
    </Filter>
  </ItemGroup>
</Project>